
Microsoft Visual Studio Solution File, Format Version 12.00
# Visual Studio Version 17
VisualStudioVersion = 17.9.34728.123
MinimumVisualStudioVersion = 10.0.40219.1
Project("{FAE04EC0-301F-11D3-BF4B-00C04F79EFBC}") = "猜數字遊戲", "猜數字遊戲\猜數字遊戲.csproj", "{2676DA02-4436-461A-BE74-E1327AD2AD03}"
EndProject
Global
	GlobalSection(SolutionConfigurationPlatforms) = preSolution
		Debug|Any CPU = Debug|Any CPU
		Release|Any CPU = Release|Any CPU
	EndGlobalSection
	GlobalSection(ProjectConfigurationPlatforms) = postSolution
		{2676DA02-4436-461A-BE74-E1327AD2AD03}.Debug|Any CPU.ActiveCfg = Debug|Any CPU
		{2676DA02-4436-461A-BE74-E1327AD2AD03}.Debug|Any CPU.Build.0 = Debug|Any CPU
		{2676DA02-4436-461A-BE74-E1327AD2AD03}.Release|Any CPU.ActiveCfg = Release|Any CPU
		{2676DA02-4436-461A-BE74-E1327AD2AD03}.Release|Any CPU.Build.0 = Release|Any CPU
	EndGlobalSection
	GlobalSection(SolutionProperties) = preSolution
		HideSolutionNode = FALSE
	EndGlobalSection
	GlobalSection(ExtensibilityGlobals) = postSolution
		SolutionGuid = {6A29E0A6-1EFE-456C-9DD5-B308D06E8666}
	EndGlobalSection
EndGlobal
