
Microsoft Visual Studio Solution File, Format Version 12.00
# Visual Studio Version 17
VisualStudioVersion = 17.9.34728.123
MinimumVisualStudioVersion = 10.0.40219.1
Project("{FAE04EC0-301F-11D3-BF4B-00C04F79EFBC}") = "string字串用法", "string字串用法\string字串用法.csproj", "{2D4D770C-C18B-4EEE-A4EE-128648646982}"
EndProject
Global
	GlobalSection(SolutionConfigurationPlatforms) = preSolution
		Debug|Any CPU = Debug|Any CPU
		Release|Any CPU = Release|Any CPU
	EndGlobalSection
	GlobalSection(ProjectConfigurationPlatforms) = postSolution
		{2D4D770C-C18B-4EEE-A4EE-128648646982}.Debug|Any CPU.ActiveCfg = Debug|Any CPU
		{2D4D770C-C18B-4EEE-A4EE-128648646982}.Debug|Any CPU.Build.0 = Debug|Any CPU
		{2D4D770C-C18B-4EEE-A4EE-128648646982}.Release|Any CPU.ActiveCfg = Release|Any CPU
		{2D4D770C-C18B-4EEE-A4EE-128648646982}.Release|Any CPU.Build.0 = Release|Any CPU
	EndGlobalSection
	GlobalSection(SolutionProperties) = preSolution
		HideSolutionNode = FALSE
	EndGlobalSection
	GlobalSection(ExtensibilityGlobals) = postSolution
		SolutionGuid = {101612A7-F4BD-4531-B40B-B5713415F99C}
	EndGlobalSection
EndGlobal
