
Microsoft Visual Studio Solution File, Format Version 12.00
# Visual Studio Version 17
VisualStudioVersion = 17.9.34728.123
MinimumVisualStudioVersion = 10.0.40219.1
Project("{FAE04EC0-301F-11D3-BF4B-00C04F79EFBC}") = "namespace、using", "namespace、using\namespace、using.csproj", "{D987DB7F-7ABD-473B-A122-B4AB4D9D41E8}"
EndProject
Global
	GlobalSection(SolutionConfigurationPlatforms) = preSolution
		Debug|Any CPU = Debug|Any CPU
		Release|Any CPU = Release|Any CPU
	EndGlobalSection
	GlobalSection(ProjectConfigurationPlatforms) = postSolution
		{D987DB7F-7ABD-473B-A122-B4AB4D9D41E8}.Debug|Any CPU.ActiveCfg = Debug|Any CPU
		{D987DB7F-7ABD-473B-A122-B4AB4D9D41E8}.Debug|Any CPU.Build.0 = Debug|Any CPU
		{D987DB7F-7ABD-473B-A122-B4AB4D9D41E8}.Release|Any CPU.ActiveCfg = Release|Any CPU
		{D987DB7F-7ABD-473B-A122-B4AB4D9D41E8}.Release|Any CPU.Build.0 = Release|Any CPU
	EndGlobalSection
	GlobalSection(SolutionProperties) = preSolution
		HideSolutionNode = FALSE
	EndGlobalSection
	GlobalSection(ExtensibilityGlobals) = postSolution
		SolutionGuid = {FDA456C5-951F-429A-A990-52242AEE5060}
	EndGlobalSection
EndGlobal
