
Microsoft Visual Studio Solution File, Format Version 12.00
# Visual Studio Version 17
VisualStudioVersion = 17.9.34728.123
MinimumVisualStudioVersion = 10.0.40219.1
Project("{FAE04EC0-301F-11D3-BF4B-00C04F79EFBC}") = "建立基本計算機", "建立基本計算機\建立基本計算機.csproj", "{5AD96FAA-507F-402B-9044-93622A2B69D6}"
EndProject
Global
	GlobalSection(SolutionConfigurationPlatforms) = preSolution
		Debug|Any CPU = Debug|Any CPU
		Release|Any CPU = Release|Any CPU
	EndGlobalSection
	GlobalSection(ProjectConfigurationPlatforms) = postSolution
		{5AD96FAA-507F-402B-9044-93622A2B69D6}.Debug|Any CPU.ActiveCfg = Debug|Any CPU
		{5AD96FAA-507F-402B-9044-93622A2B69D6}.Debug|Any CPU.Build.0 = Debug|Any CPU
		{5AD96FAA-507F-402B-9044-93622A2B69D6}.Release|Any CPU.ActiveCfg = Release|Any CPU
		{5AD96FAA-507F-402B-9044-93622A2B69D6}.Release|Any CPU.Build.0 = Release|Any CPU
	EndGlobalSection
	GlobalSection(SolutionProperties) = preSolution
		HideSolutionNode = FALSE
	EndGlobalSection
	GlobalSection(ExtensibilityGlobals) = postSolution
		SolutionGuid = {3E98DF03-499F-4ED7-B6A3-7C0AC00005C2}
	EndGlobalSection
EndGlobal
